
Microsoft Visual Studio Solution File, Format Version 12.00
# Visual Studio 15
VisualStudioVersion = 15.0.27703.2035
MinimumVisualStudioVersion = 10.0.40219.1
Project("{FAE04EC0-301F-11D3-BF4B-00C04F79EFBC}") = "AutoFac.Log4net", "AutoFacExample\AutoFac.Log4net.csproj", "{E820F4E5-9BD8-4907-A49B-387F525CCFF4}"
EndProject
Global
	GlobalSection(SolutionConfigurationPlatforms) = preSolution
		Debug|Any CPU = Debug|Any CPU
		Release|Any CPU = Release|Any CPU
	EndGlobalSection
	GlobalSection(ProjectConfigurationPlatforms) = postSolution
		{E820F4E5-9BD8-4907-A49B-387F525CCFF4}.Debug|Any CPU.ActiveCfg = Debug|Any CPU
		{E820F4E5-9BD8-4907-A49B-387F525CCFF4}.Debug|Any CPU.Build.0 = Debug|Any CPU
		{E820F4E5-9BD8-4907-A49B-387F525CCFF4}.Release|Any CPU.ActiveCfg = Release|Any CPU
		{E820F4E5-9BD8-4907-A49B-387F525CCFF4}.Release|Any CPU.Build.0 = Release|Any CPU
	EndGlobalSection
	GlobalSection(SolutionProperties) = preSolution
		HideSolutionNode = FALSE
	EndGlobalSection
	GlobalSection(ExtensibilityGlobals) = postSolution
		SolutionGuid = {A80DBD90-76AC-4A9F-AEEA-95B32BD0D8E8}
	EndGlobalSection
EndGlobal
